# This file is autogenerated, do not edit; changes may be undone by the next 'dep ensure'.


[[projects]]
  name = "github.com/BurntSushi/toml"
  packages = ["."]
  revision = "b26d9c308763d68093482582cea63d69be07a0f0"
  version = "v0.3.0"

[[projects]]
  branch = "master"
  name = "github.com/armon/go-socks5"
  packages = ["."]
  revision = "e75332964ef517daa070d7c38a9466a0d687e0a5"

[[projects]]
  name = "github.com/godbus/dbus"
  packages = ["."]
  revision = "a389bdde4dd695d414e47b755e95e72b7826432c"
  version = "v4.1.0"

[[projects]]
  branch = "master"
  name = "golang.org/x/net"
  packages = ["context"]
  revision = "8351a756f30f1297fe94bbf4b767ec589c6ea6d0"

[solve-meta]
  analyzer-name = "dep"
  analyzer-version = 1
  inputs-digest = "bab8765a4979191d24ce71b27b71f68f56ae0d505d46535738d7b683fc172ad0"
  solver-name = "gps-cdcl"
  solver-version = 1
